// !$*UTF8*$!
{
	archiveVersion = 1;
	classes = {
	};
	objectVersion = 56;
	objects = {

/* Begin PBXBuildFile section */
		D7437354293F805100315D91 /* UserDataModel.swift in Sources */ = {isa = PBXBuildFile; fileRef = D7437353293F805100315D91 /* UserDataModel.swift */; };
		D7BE276F29393E7400452F68 /* AppDelegate.swift in Sources */ = {isa = PBXBuildFile; fileRef = D7BE276E29393E7400452F68 /* AppDelegate.swift */; };
		D7BE277129393E7400452F68 /* SceneDelegate.swift in Sources */ = {isa = PBXBuildFile; fileRef = D7BE277029393E7400452F68 /* SceneDelegate.swift */; };
		D7BE277329393E7400452F68 /* SignInViewController.swift in Sources */ = {isa = PBXBuildFile; fileRef = D7BE277229393E7400452F68 /* SignInViewController.swift */; };
		D7BE277629393E7400452F68 /* SignIn.storyboard in Resources */ = {isa = PBXBuildFile; fileRef = D7BE277429393E7400452F68 /* SignIn.storyboard */; };
		D7BE277829393E7400452F68 /* Assets.xcassets in Resources */ = {isa = PBXBuildFile; fileRef = D7BE277729393E7400452F68 /* Assets.xcassets */; };
		D7BE277B29393E7400452F68 /* LaunchScreen.storyboard in Resources */ = {isa = PBXBuildFile; fileRef = D7BE277929393E7400452F68 /* LaunchScreen.storyboard */; };
		D7BE278429393F6500452F68 /* AppCoordinator.swift in Sources */ = {isa = PBXBuildFile; fileRef = D7BE278329393F6500452F68 /* AppCoordinator.swift */; };
		D7BE278629393F7300452F68 /* CoordinatorProtocol.swift in Sources */ = {isa = PBXBuildFile; fileRef = D7BE278529393F7300452F68 /* CoordinatorProtocol.swift */; };
		D7BE278F2939420500452F68 /* UIWindow+Extension.swift in Sources */ = {isa = PBXBuildFile; fileRef = D7BE278E2939420500452F68 /* UIWindow+Extension.swift */; };
		D7BE27922939424D00452F68 /* Storyboard.swift in Sources */ = {isa = PBXBuildFile; fileRef = D7BE27912939424D00452F68 /* Storyboard.swift */; };
		D7BE2794293942B200452F68 /* BuilderProtocol.swift in Sources */ = {isa = PBXBuildFile; fileRef = D7BE2793293942B200452F68 /* BuilderProtocol.swift */; };
		D7BE279E29394DB000452F68 /* NVActivityIndicatorView in Frameworks */ = {isa = PBXBuildFile; productRef = D7BE279D29394DB000452F68 /* NVActivityIndicatorView */; };
		D7BE27A029394EAF00452F68 /* Loader.swift in Sources */ = {isa = PBXBuildFile; fileRef = D7BE279F29394EAF00452F68 /* Loader.swift */; };
		D7BE27A3293A060500452F68 /* AuthModuleBuilderProtocol.swift in Sources */ = {isa = PBXBuildFile; fileRef = D7BE27A2293A060500452F68 /* AuthModuleBuilderProtocol.swift */; };
		D7BE27AB293A074A00452F68 /* SignInPresenterProtocol.swift in Sources */ = {isa = PBXBuildFile; fileRef = D7BE27AA293A074A00452F68 /* SignInPresenterProtocol.swift */; };
		D7BE27AD293A076600452F68 /* SignInPresenter.swift in Sources */ = {isa = PBXBuildFile; fileRef = D7BE27AC293A076600452F68 /* SignInPresenter.swift */; };
		D7BE27AF293A087100452F68 /* SignInViewProtocol.swift in Sources */ = {isa = PBXBuildFile; fileRef = D7BE27AE293A087100452F68 /* SignInViewProtocol.swift */; };
		D7BE27B1293A08AC00452F68 /* SignInModelProtocol.swift in Sources */ = {isa = PBXBuildFile; fileRef = D7BE27B0293A08AC00452F68 /* SignInModelProtocol.swift */; };
		D7BE27B3293A08B600452F68 /* SignInModel.swift in Sources */ = {isa = PBXBuildFile; fileRef = D7BE27B2293A08B600452F68 /* SignInModel.swift */; };
		D7BE27B5293A092D00452F68 /* AuthModuleBuilder.swift in Sources */ = {isa = PBXBuildFile; fileRef = D7BE27B4293A092D00452F68 /* AuthModuleBuilder.swift */; };
		D7BE27B7293A0D7E00452F68 /* AuthCoordinator.swift in Sources */ = {isa = PBXBuildFile; fileRef = D7BE27B6293A0D7E00452F68 /* AuthCoordinator.swift */; };
		D7BE27BB293A26D700452F68 /* UiView+Extension.swift in Sources */ = {isa = PBXBuildFile; fileRef = D7BE27BA293A26D700452F68 /* UiView+Extension.swift */; };
		D7BE27BE293A377200452F68 /* ScrollViewHelper.swift in Sources */ = {isa = PBXBuildFile; fileRef = D7BE27BD293A377200452F68 /* ScrollViewHelper.swift */; };
		D7BE27C0293A379900452F68 /* ScrollViewHelperProtocol.swift in Sources */ = {isa = PBXBuildFile; fileRef = D7BE27BF293A379900452F68 /* ScrollViewHelperProtocol.swift */; };
		D7BE27C2293A423F00452F68 /* UiViewController+Extension.swift in Sources */ = {isa = PBXBuildFile; fileRef = D7BE27C1293A423F00452F68 /* UiViewController+Extension.swift */; };
		D7BE27C7293A69A500452F68 /* FirebaseAuth in Frameworks */ = {isa = PBXBuildFile; productRef = D7BE27C6293A69A500452F68 /* FirebaseAuth */; };
		D7BE27C9293A69A500452F68 /* FirebaseDatabase in Frameworks */ = {isa = PBXBuildFile; productRef = D7BE27C8293A69A500452F68 /* FirebaseDatabase */; };
		D7BE27CD293A69A500452F68 /* FirebaseFirestore in Frameworks */ = {isa = PBXBuildFile; productRef = D7BE27CC293A69A500452F68 /* FirebaseFirestore */; };
		D7BE27D1293A69A500452F68 /* FirebaseStorage in Frameworks */ = {isa = PBXBuildFile; productRef = D7BE27D0293A69A500452F68 /* FirebaseStorage */; };
		D7BE27D4293A6CE400452F68 /* FirebaseAuthManager.swift in Sources */ = {isa = PBXBuildFile; fileRef = D7BE27D3293A6CE400452F68 /* FirebaseAuthManager.swift */; };
		D7BE27D6293A6D0D00452F68 /* FirebaseAuthManagerProtocol.swift in Sources */ = {isa = PBXBuildFile; fileRef = D7BE27D5293A6D0D00452F68 /* FirebaseAuthManagerProtocol.swift */; };
		D7BE27DA293A737600452F68 /* DatabasePaths.swift in Sources */ = {isa = PBXBuildFile; fileRef = D7BE27D9293A737600452F68 /* DatabasePaths.swift */; };
		D7D9EE6C293A7D4100CD0B49 /* FirebaseDatabaseSwift in Frameworks */ = {isa = PBXBuildFile; productRef = D7D9EE6B293A7D4100CD0B49 /* FirebaseDatabaseSwift */; };
		D7D9EE6E293A7D5600CD0B49 /* FirebaseFirestoreSwift in Frameworks */ = {isa = PBXBuildFile; productRef = D7D9EE6D293A7D5600CD0B49 /* FirebaseFirestoreSwift */; };
		D7D9EE70293A809800CD0B49 /* Services.swift in Sources */ = {isa = PBXBuildFile; fileRef = D7D9EE6F293A809800CD0B49 /* Services.swift */; };
		D7D9EE72293A87D900CD0B49 /* GoogleService-Info.plist in Resources */ = {isa = PBXBuildFile; fileRef = D7D9EE71293A87D900CD0B49 /* GoogleService-Info.plist */; };
		D7D9EE76293B724E00CD0B49 /* FirebaseErrors.swift in Sources */ = {isa = PBXBuildFile; fileRef = D7D9EE75293B724E00CD0B49 /* FirebaseErrors.swift */; };
		D7F0DF53293BA5630067F098 /* UITextField+Extension.swift in Sources */ = {isa = PBXBuildFile; fileRef = D7F0DF52293BA5630067F098 /* UITextField+Extension.swift */; };
		D7F0DF56293BB1AA0067F098 /* GoogleSignIn in Frameworks */ = {isa = PBXBuildFile; productRef = D7F0DF55293BB1AA0067F098 /* GoogleSignIn */; };
		D7F0DF5E293CB3FF0067F098 /* SignUp.storyboard in Resources */ = {isa = PBXBuildFile; fileRef = D7F0DF5D293CB3FF0067F098 /* SignUp.storyboard */; };
		D7F0DF60293CB45C0067F098 /* SignUpModelProtocol.swift in Sources */ = {isa = PBXBuildFile; fileRef = D7F0DF5F293CB45C0067F098 /* SignUpModelProtocol.swift */; };
		D7F0DF62293CB4640067F098 /* SignUpModel.swift in Sources */ = {isa = PBXBuildFile; fileRef = D7F0DF61293CB4640067F098 /* SignUpModel.swift */; };
		D7F0DF64293CB4790067F098 /* SignUpViewProtocol.swift in Sources */ = {isa = PBXBuildFile; fileRef = D7F0DF63293CB4790067F098 /* SignUpViewProtocol.swift */; };
		D7F0DF66293CB4890067F098 /* SignUpViewController.swift in Sources */ = {isa = PBXBuildFile; fileRef = D7F0DF65293CB4890067F098 /* SignUpViewController.swift */; };
		D7F0DF68293CB49A0067F098 /* SignUpPresenterProtocol.swift in Sources */ = {isa = PBXBuildFile; fileRef = D7F0DF67293CB49A0067F098 /* SignUpPresenterProtocol.swift */; };
		D7F0DF6A293CB4A30067F098 /* SignUpPresenter.swift in Sources */ = {isa = PBXBuildFile; fileRef = D7F0DF69293CB4A30067F098 /* SignUpPresenter.swift */; };
		D7F0DF6C293CC9A40067F098 /* String+Extension.swift in Sources */ = {isa = PBXBuildFile; fileRef = D7F0DF6B293CC9A40067F098 /* String+Extension.swift */; };
		D7F0DF6F293D0F320067F098 /* ValidationManager.swift in Sources */ = {isa = PBXBuildFile; fileRef = D7F0DF6E293D0F320067F098 /* ValidationManager.swift */; };
		D7F0DF71293E4DF50067F098 /* MainCoordinator.swift in Sources */ = {isa = PBXBuildFile; fileRef = D7F0DF70293E4DF50067F098 /* MainCoordinator.swift */; };
		D7F0DF74293E4E540067F098 /* MainBuilderProtocol.swift in Sources */ = {isa = PBXBuildFile; fileRef = D7F0DF73293E4E540067F098 /* MainBuilderProtocol.swift */; };
		D7F0DF76293E4F710067F098 /* MainBuilder.swift in Sources */ = {isa = PBXBuildFile; fileRef = D7F0DF75293E4F710067F098 /* MainBuilder.swift */; };
		D7F0DF79293E501C0067F098 /* Main.storyboard in Resources */ = {isa = PBXBuildFile; fileRef = D7F0DF78293E501C0067F098 /* Main.storyboard */; };
		D7F0DF7F293E50B10067F098 /* Game.storyboard in Resources */ = {isa = PBXBuildFile; fileRef = D7F0DF7E293E50B10067F098 /* Game.storyboard */; };
		D7F0DF86293E50EC0067F098 /* Rating.storyboard in Resources */ = {isa = PBXBuildFile; fileRef = D7F0DF85293E50EC0067F098 /* Rating.storyboard */; };
		D7F0DF8D293E511C0067F098 /* Settings.storyboard in Resources */ = {isa = PBXBuildFile; fileRef = D7F0DF8C293E511C0067F098 /* Settings.storyboard */; };
		D7F0DF8F293E54720067F098 /* GameViewController.swift in Sources */ = {isa = PBXBuildFile; fileRef = D7F0DF8E293E54720067F098 /* GameViewController.swift */; };
		D7F0DF91293E54800067F098 /* GameViewProtocol.swift in Sources */ = {isa = PBXBuildFile; fileRef = D7F0DF90293E54800067F098 /* GameViewProtocol.swift */; };
		D7F0DF93293E54B80067F098 /* GameModelProtocol.swift in Sources */ = {isa = PBXBuildFile; fileRef = D7F0DF92293E54B80067F098 /* GameModelProtocol.swift */; };
		D7F0DF95293E54CA0067F098 /* GameModel.swift in Sources */ = {isa = PBXBuildFile; fileRef = D7F0DF94293E54CA0067F098 /* GameModel.swift */; };
		D7F0DF98293E55610067F098 /* FirebaseMainManagerProtocol.swift in Sources */ = {isa = PBXBuildFile; fileRef = D7F0DF97293E55610067F098 /* FirebaseMainManagerProtocol.swift */; };
		D7F0DF9A293E55C50067F098 /* FirebaseMainManager.swift in Sources */ = {isa = PBXBuildFile; fileRef = D7F0DF99293E55C50067F098 /* FirebaseMainManager.swift */; };
		D7F0DF9C293E56190067F098 /* GamePresenterProtocol.swift in Sources */ = {isa = PBXBuildFile; fileRef = D7F0DF9B293E56190067F098 /* GamePresenterProtocol.swift */; };
		D7F0DF9E293E56390067F098 /* GamePresenter.swift in Sources */ = {isa = PBXBuildFile; fileRef = D7F0DF9D293E56390067F098 /* GamePresenter.swift */; };
		D7F0DFA0293E59000067F098 /* RatingModelProtocol.swift in Sources */ = {isa = PBXBuildFile; fileRef = D7F0DF9F293E59000067F098 /* RatingModelProtocol.swift */; };
		D7F0DFA2293E59140067F098 /* RatingModel.swift in Sources */ = {isa = PBXBuildFile; fileRef = D7F0DFA1293E59140067F098 /* RatingModel.swift */; };
		D7F0DFA4293E59770067F098 /* RatingViewController.swift in Sources */ = {isa = PBXBuildFile; fileRef = D7F0DFA3293E59770067F098 /* RatingViewController.swift */; };
		D7F0DFA6293E59820067F098 /* RatingViewProtocol.swift in Sources */ = {isa = PBXBuildFile; fileRef = D7F0DFA5293E59820067F098 /* RatingViewProtocol.swift */; };
		D7F0DFA8293E59C60067F098 /* RatingPresenterProtocol.swift in Sources */ = {isa = PBXBuildFile; fileRef = D7F0DFA7293E59C60067F098 /* RatingPresenterProtocol.swift */; };
		D7F0DFAA293E59CF0067F098 /* RatingPresenter.swift in Sources */ = {isa = PBXBuildFile; fileRef = D7F0DFA9293E59CF0067F098 /* RatingPresenter.swift */; };
		D7F0DFAC293E5B410067F098 /* SettingModelProtocol.swift in Sources */ = {isa = PBXBuildFile; fileRef = D7F0DFAB293E5B410067F098 /* SettingModelProtocol.swift */; };
		D7F0DFAE293E5B4A0067F098 /* SettingModel.swift in Sources */ = {isa = PBXBuildFile; fileRef = D7F0DFAD293E5B4A0067F098 /* SettingModel.swift */; };
		D7F0DFB0293E5BFA0067F098 /* SettingViewController.swift in Sources */ = {isa = PBXBuildFile; fileRef = D7F0DFAF293E5BFA0067F098 /* SettingViewController.swift */; };
		D7F0DFB2293E5C0E0067F098 /* SettingViewProtocol.swift in Sources */ = {isa = PBXBuildFile; fileRef = D7F0DFB1293E5C0E0067F098 /* SettingViewProtocol.swift */; };
		D7F0DFB4293E5C5D0067F098 /* SettingPresenterProtocol.swift in Sources */ = {isa = PBXBuildFile; fileRef = D7F0DFB3293E5C5D0067F098 /* SettingPresenterProtocol.swift */; };
		D7F0DFB6293E5C730067F098 /* SettingsPresenter.swift in Sources */ = {isa = PBXBuildFile; fileRef = D7F0DFB5293E5C730067F098 /* SettingsPresenter.swift */; };
/* End PBXBuildFile section */

/* Begin PBXFileReference section */
		D7437353293F805100315D91 /* UserDataModel.swift */ = {isa = PBXFileReference; lastKnownFileType = sourcecode.swift; path = UserDataModel.swift; sourceTree = "<group>"; };
		D7BE276B29393E7400452F68 /* Roulette game.app */ = {isa = PBXFileReference; explicitFileType = wrapper.application; includeInIndex = 0; path = "Roulette game.app"; sourceTree = BUILT_PRODUCTS_DIR; };
		D7BE276E29393E7400452F68 /* AppDelegate.swift */ = {isa = PBXFileReference; lastKnownFileType = sourcecode.swift; path = AppDelegate.swift; sourceTree = "<group>"; };
		D7BE277029393E7400452F68 /* SceneDelegate.swift */ = {isa = PBXFileReference; lastKnownFileType = sourcecode.swift; path = SceneDelegate.swift; sourceTree = "<group>"; };
		D7BE277229393E7400452F68 /* SignInViewController.swift */ = {isa = PBXFileReference; lastKnownFileType = sourcecode.swift; path = SignInViewController.swift; sourceTree = "<group>"; };
		D7BE277529393E7400452F68 /* Base */ = {isa = PBXFileReference; lastKnownFileType = file.storyboard; name = Base; path = Base.lproj/SignIn.storyboard; sourceTree = "<group>"; };
		D7BE277729393E7400452F68 /* Assets.xcassets */ = {isa = PBXFileReference; lastKnownFileType = folder.assetcatalog; path = Assets.xcassets; sourceTree = "<group>"; };
		D7BE277A29393E7400452F68 /* Base */ = {isa = PBXFileReference; lastKnownFileType = file.storyboard; name = Base; path = Base.lproj/LaunchScreen.storyboard; sourceTree = "<group>"; };
		D7BE277C29393E7400452F68 /* Info.plist */ = {isa = PBXFileReference; lastKnownFileType = text.plist.xml; path = Info.plist; sourceTree = "<group>"; };
		D7BE278329393F6500452F68 /* AppCoordinator.swift */ = {isa = PBXFileReference; lastKnownFileType = sourcecode.swift; path = AppCoordinator.swift; sourceTree = "<group>"; };
		D7BE278529393F7300452F68 /* CoordinatorProtocol.swift */ = {isa = PBXFileReference; lastKnownFileType = sourcecode.swift; path = CoordinatorProtocol.swift; sourceTree = "<group>"; };
		D7BE278E2939420500452F68 /* UIWindow+Extension.swift */ = {isa = PBXFileReference; lastKnownFileType = sourcecode.swift; path = "UIWindow+Extension.swift"; sourceTree = "<group>"; };
		D7BE27912939424D00452F68 /* Storyboard.swift */ = {isa = PBXFileReference; lastKnownFileType = sourcecode.swift; path = Storyboard.swift; sourceTree = "<group>"; };
		D7BE2793293942B200452F68 /* BuilderProtocol.swift */ = {isa = PBXFileReference; lastKnownFileType = sourcecode.swift; path = BuilderProtocol.swift; sourceTree = "<group>"; };
		D7BE279F29394EAF00452F68 /* Loader.swift */ = {isa = PBXFileReference; lastKnownFileType = sourcecode.swift; path = Loader.swift; sourceTree = "<group>"; };
		D7BE27A2293A060500452F68 /* AuthModuleBuilderProtocol.swift */ = {isa = PBXFileReference; lastKnownFileType = sourcecode.swift; path = AuthModuleBuilderProtocol.swift; sourceTree = "<group>"; };
		D7BE27AA293A074A00452F68 /* SignInPresenterProtocol.swift */ = {isa = PBXFileReference; lastKnownFileType = sourcecode.swift; path = SignInPresenterProtocol.swift; sourceTree = "<group>"; };
		D7BE27AC293A076600452F68 /* SignInPresenter.swift */ = {isa = PBXFileReference; lastKnownFileType = sourcecode.swift; path = SignInPresenter.swift; sourceTree = "<group>"; };
		D7BE27AE293A087100452F68 /* SignInViewProtocol.swift */ = {isa = PBXFileReference; lastKnownFileType = sourcecode.swift; path = SignInViewProtocol.swift; sourceTree = "<group>"; };
		D7BE27B0293A08AC00452F68 /* SignInModelProtocol.swift */ = {isa = PBXFileReference; lastKnownFileType = sourcecode.swift; path = SignInModelProtocol.swift; sourceTree = "<group>"; };
		D7BE27B2293A08B600452F68 /* SignInModel.swift */ = {isa = PBXFileReference; lastKnownFileType = sourcecode.swift; path = SignInModel.swift; sourceTree = "<group>"; };
		D7BE27B4293A092D00452F68 /* AuthModuleBuilder.swift */ = {isa = PBXFileReference; lastKnownFileType = sourcecode.swift; path = AuthModuleBuilder.swift; sourceTree = "<group>"; };
		D7BE27B6293A0D7E00452F68 /* AuthCoordinator.swift */ = {isa = PBXFileReference; lastKnownFileType = sourcecode.swift; path = AuthCoordinator.swift; sourceTree = "<group>"; };
		D7BE27BA293A26D700452F68 /* UiView+Extension.swift */ = {isa = PBXFileReference; lastKnownFileType = sourcecode.swift; path = "UiView+Extension.swift"; sourceTree = "<group>"; };
		D7BE27BD293A377200452F68 /* ScrollViewHelper.swift */ = {isa = PBXFileReference; lastKnownFileType = sourcecode.swift; path = ScrollViewHelper.swift; sourceTree = "<group>"; };
		D7BE27BF293A379900452F68 /* ScrollViewHelperProtocol.swift */ = {isa = PBXFileReference; lastKnownFileType = sourcecode.swift; path = ScrollViewHelperProtocol.swift; sourceTree = "<group>"; };
		D7BE27C1293A423F00452F68 /* UiViewController+Extension.swift */ = {isa = PBXFileReference; lastKnownFileType = sourcecode.swift; path = "UiViewController+Extension.swift"; sourceTree = "<group>"; };
		D7BE27D3293A6CE400452F68 /* FirebaseAuthManager.swift */ = {isa = PBXFileReference; lastKnownFileType = sourcecode.swift; path = FirebaseAuthManager.swift; sourceTree = "<group>"; };
		D7BE27D5293A6D0D00452F68 /* FirebaseAuthManagerProtocol.swift */ = {isa = PBXFileReference; lastKnownFileType = sourcecode.swift; path = FirebaseAuthManagerProtocol.swift; sourceTree = "<group>"; };
		D7BE27D9293A737600452F68 /* DatabasePaths.swift */ = {isa = PBXFileReference; lastKnownFileType = sourcecode.swift; path = DatabasePaths.swift; sourceTree = "<group>"; };
		D7D9EE6F293A809800CD0B49 /* Services.swift */ = {isa = PBXFileReference; lastKnownFileType = sourcecode.swift; path = Services.swift; sourceTree = "<group>"; };
		D7D9EE71293A87D900CD0B49 /* GoogleService-Info.plist */ = {isa = PBXFileReference; fileEncoding = 4; lastKnownFileType = text.plist.xml; path = "GoogleService-Info.plist"; sourceTree = "<group>"; };
		D7D9EE75293B724E00CD0B49 /* FirebaseErrors.swift */ = {isa = PBXFileReference; lastKnownFileType = sourcecode.swift; path = FirebaseErrors.swift; sourceTree = "<group>"; };
		D7F0DF52293BA5630067F098 /* UITextField+Extension.swift */ = {isa = PBXFileReference; lastKnownFileType = sourcecode.swift; path = "UITextField+Extension.swift"; sourceTree = "<group>"; };
		D7F0DF5D293CB3FF0067F098 /* SignUp.storyboard */ = {isa = PBXFileReference; lastKnownFileType = file.storyboard; path = SignUp.storyboard; sourceTree = "<group>"; };
		D7F0DF5F293CB45C0067F098 /* SignUpModelProtocol.swift */ = {isa = PBXFileReference; lastKnownFileType = sourcecode.swift; path = SignUpModelProtocol.swift; sourceTree = "<group>"; };
		D7F0DF61293CB4640067F098 /* SignUpModel.swift */ = {isa = PBXFileReference; lastKnownFileType = sourcecode.swift; path = SignUpModel.swift; sourceTree = "<group>"; };
		D7F0DF63293CB4790067F098 /* SignUpViewProtocol.swift */ = {isa = PBXFileReference; lastKnownFileType = sourcecode.swift; path = SignUpViewProtocol.swift; sourceTree = "<group>"; };
		D7F0DF65293CB4890067F098 /* SignUpViewController.swift */ = {isa = PBXFileReference; lastKnownFileType = sourcecode.swift; path = SignUpViewController.swift; sourceTree = "<group>"; };
		D7F0DF67293CB49A0067F098 /* SignUpPresenterProtocol.swift */ = {isa = PBXFileReference; lastKnownFileType = sourcecode.swift; path = SignUpPresenterProtocol.swift; sourceTree = "<group>"; };
		D7F0DF69293CB4A30067F098 /* SignUpPresenter.swift */ = {isa = PBXFileReference; lastKnownFileType = sourcecode.swift; path = SignUpPresenter.swift; sourceTree = "<group>"; };
		D7F0DF6B293CC9A40067F098 /* String+Extension.swift */ = {isa = PBXFileReference; lastKnownFileType = sourcecode.swift; path = "String+Extension.swift"; sourceTree = "<group>"; };
		D7F0DF6E293D0F320067F098 /* ValidationManager.swift */ = {isa = PBXFileReference; lastKnownFileType = sourcecode.swift; path = ValidationManager.swift; sourceTree = "<group>"; };
		D7F0DF70293E4DF50067F098 /* MainCoordinator.swift */ = {isa = PBXFileReference; lastKnownFileType = sourcecode.swift; path = MainCoordinator.swift; sourceTree = "<group>"; };
		D7F0DF73293E4E540067F098 /* MainBuilderProtocol.swift */ = {isa = PBXFileReference; lastKnownFileType = sourcecode.swift; path = MainBuilderProtocol.swift; sourceTree = "<group>"; };
		D7F0DF75293E4F710067F098 /* MainBuilder.swift */ = {isa = PBXFileReference; lastKnownFileType = sourcecode.swift; path = MainBuilder.swift; sourceTree = "<group>"; };
		D7F0DF78293E501C0067F098 /* Main.storyboard */ = {isa = PBXFileReference; lastKnownFileType = file.storyboard; path = Main.storyboard; sourceTree = "<group>"; };
		D7F0DF7E293E50B10067F098 /* Game.storyboard */ = {isa = PBXFileReference; lastKnownFileType = file.storyboard; path = Game.storyboard; sourceTree = "<group>"; };
		D7F0DF85293E50EC0067F098 /* Rating.storyboard */ = {isa = PBXFileReference; lastKnownFileType = file.storyboard; path = Rating.storyboard; sourceTree = "<group>"; };
		D7F0DF8C293E511C0067F098 /* Settings.storyboard */ = {isa = PBXFileReference; lastKnownFileType = file.storyboard; path = Settings.storyboard; sourceTree = "<group>"; };
		D7F0DF8E293E54720067F098 /* GameViewController.swift */ = {isa = PBXFileReference; lastKnownFileType = sourcecode.swift; path = GameViewController.swift; sourceTree = "<group>"; };
		D7F0DF90293E54800067F098 /* GameViewProtocol.swift */ = {isa = PBXFileReference; lastKnownFileType = sourcecode.swift; path = GameViewProtocol.swift; sourceTree = "<group>"; };
		D7F0DF92293E54B80067F098 /* GameModelProtocol.swift */ = {isa = PBXFileReference; lastKnownFileType = sourcecode.swift; path = GameModelProtocol.swift; sourceTree = "<group>"; };
		D7F0DF94293E54CA0067F098 /* GameModel.swift */ = {isa = PBXFileReference; lastKnownFileType = sourcecode.swift; path = GameModel.swift; sourceTree = "<group>"; };
		D7F0DF97293E55610067F098 /* FirebaseMainManagerProtocol.swift */ = {isa = PBXFileReference; lastKnownFileType = sourcecode.swift; path = FirebaseMainManagerProtocol.swift; sourceTree = "<group>"; };
		D7F0DF99293E55C50067F098 /* FirebaseMainManager.swift */ = {isa = PBXFileReference; lastKnownFileType = sourcecode.swift; path = FirebaseMainManager.swift; sourceTree = "<group>"; };
		D7F0DF9B293E56190067F098 /* GamePresenterProtocol.swift */ = {isa = PBXFileReference; lastKnownFileType = sourcecode.swift; path = GamePresenterProtocol.swift; sourceTree = "<group>"; };
		D7F0DF9D293E56390067F098 /* GamePresenter.swift */ = {isa = PBXFileReference; lastKnownFileType = sourcecode.swift; path = GamePresenter.swift; sourceTree = "<group>"; };
		D7F0DF9F293E59000067F098 /* RatingModelProtocol.swift */ = {isa = PBXFileReference; lastKnownFileType = sourcecode.swift; path = RatingModelProtocol.swift; sourceTree = "<group>"; };
		D7F0DFA1293E59140067F098 /* RatingModel.swift */ = {isa = PBXFileReference; lastKnownFileType = sourcecode.swift; path = RatingModel.swift; sourceTree = "<group>"; };
		D7F0DFA3293E59770067F098 /* RatingViewController.swift */ = {isa = PBXFileReference; lastKnownFileType = sourcecode.swift; path = RatingViewController.swift; sourceTree = "<group>"; };
		D7F0DFA5293E59820067F098 /* RatingViewProtocol.swift */ = {isa = PBXFileReference; lastKnownFileType = sourcecode.swift; path = RatingViewProtocol.swift; sourceTree = "<group>"; };
		D7F0DFA7293E59C60067F098 /* RatingPresenterProtocol.swift */ = {isa = PBXFileReference; lastKnownFileType = sourcecode.swift; path = RatingPresenterProtocol.swift; sourceTree = "<group>"; };
		D7F0DFA9293E59CF0067F098 /* RatingPresenter.swift */ = {isa = PBXFileReference; lastKnownFileType = sourcecode.swift; path = RatingPresenter.swift; sourceTree = "<group>"; };
		D7F0DFAB293E5B410067F098 /* SettingModelProtocol.swift */ = {isa = PBXFileReference; lastKnownFileType = sourcecode.swift; path = SettingModelProtocol.swift; sourceTree = "<group>"; };
		D7F0DFAD293E5B4A0067F098 /* SettingModel.swift */ = {isa = PBXFileReference; lastKnownFileType = sourcecode.swift; path = SettingModel.swift; sourceTree = "<group>"; };
		D7F0DFAF293E5BFA0067F098 /* SettingViewController.swift */ = {isa = PBXFileReference; lastKnownFileType = sourcecode.swift; path = SettingViewController.swift; sourceTree = "<group>"; };
		D7F0DFB1293E5C0E0067F098 /* SettingViewProtocol.swift */ = {isa = PBXFileReference; lastKnownFileType = sourcecode.swift; path = SettingViewProtocol.swift; sourceTree = "<group>"; };
		D7F0DFB3293E5C5D0067F098 /* SettingPresenterProtocol.swift */ = {isa = PBXFileReference; lastKnownFileType = sourcecode.swift; path = SettingPresenterProtocol.swift; sourceTree = "<group>"; };
		D7F0DFB5293E5C730067F098 /* SettingsPresenter.swift */ = {isa = PBXFileReference; lastKnownFileType = sourcecode.swift; path = SettingsPresenter.swift; sourceTree = "<group>"; };
/* End PBXFileReference section */

/* Begin PBXFrameworksBuildPhase section */
		D7BE276829393E7400452F68 /* Frameworks */ = {
			isa = PBXFrameworksBuildPhase;
			buildActionMask = 2147483647;
			files = (
				D7D9EE6C293A7D4100CD0B49 /* FirebaseDatabaseSwift in Frameworks */,
				D7F0DF56293BB1AA0067F098 /* GoogleSignIn in Frameworks */,
				D7BE27C9293A69A500452F68 /* FirebaseDatabase in Frameworks */,
				D7BE279E29394DB000452F68 /* NVActivityIndicatorView in Frameworks */,
				D7D9EE6E293A7D5600CD0B49 /* FirebaseFirestoreSwift in Frameworks */,
				D7BE27CD293A69A500452F68 /* FirebaseFirestore in Frameworks */,
				D7BE27D1293A69A500452F68 /* FirebaseStorage in Frameworks */,
				D7BE27C7293A69A500452F68 /* FirebaseAuth in Frameworks */,
			);
			runOnlyForDeploymentPostprocessing = 0;
		};
/* End PBXFrameworksBuildPhase section */

/* Begin PBXGroup section */
		D7437352293F803A00315D91 /* UserDataModel */ = {
			isa = PBXGroup;
			children = (
				D7437353293F805100315D91 /* UserDataModel.swift */,
			);
			path = UserDataModel;
			sourceTree = "<group>";
		};
		D7BE276229393E7400452F68 = {
			isa = PBXGroup;
			children = (
				D7BE276D29393E7400452F68 /* Roulette game */,
				D7BE276C29393E7400452F68 /* Products */,
				D7D9EE6A293A7D4100CD0B49 /* Frameworks */,
			);
			sourceTree = "<group>";
		};
		D7BE276C29393E7400452F68 /* Products */ = {
			isa = PBXGroup;
			children = (
				D7BE276B29393E7400452F68 /* Roulette game.app */,
			);
			name = Products;
			sourceTree = "<group>";
		};
		D7BE276D29393E7400452F68 /* Roulette game */ = {
			isa = PBXGroup;
			children = (
				D7D9EE6F293A809800CD0B49 /* Services.swift */,
				D7BE276E29393E7400452F68 /* AppDelegate.swift */,
				D7BE277029393E7400452F68 /* SceneDelegate.swift */,
				D7BE2795293942D200452F68 /* Managers */,
				D7BE278229393F1600452F68 /* Coordinators */,
				D7BE2787293940EC00452F68 /* Modules */,
				D7BE27902939423700452F68 /* Helper */,
				D7BE278D293941E400452F68 /* Extension */,
				D7BE278C293941B500452F68 /* Resources */,
			);
			path = "Roulette game";
			sourceTree = "<group>";
		};
		D7BE278229393F1600452F68 /* Coordinators */ = {
			isa = PBXGroup;
			children = (
				D7BE278529393F7300452F68 /* CoordinatorProtocol.swift */,
				D7BE278329393F6500452F68 /* AppCoordinator.swift */,
				D7BE27B6293A0D7E00452F68 /* AuthCoordinator.swift */,
				D7F0DF70293E4DF50067F098 /* MainCoordinator.swift */,
			);
			path = Coordinators;
			sourceTree = "<group>";
		};
		D7BE2787293940EC00452F68 /* Modules */ = {
			isa = PBXGroup;
			children = (
				D7BE27982939468A00452F68 /* Auth */,
				D7BE2788293940FD00452F68 /* Main */,
			);
			path = Modules;
			sourceTree = "<group>";
		};
		D7BE2788293940FD00452F68 /* Main */ = {
			isa = PBXGroup;
			children = (
				D7437352293F803A00315D91 /* UserDataModel */,
				D7F0DF78293E501C0067F098 /* Main.storyboard */,
				D7F0DF72293E4E3E0067F098 /* MainBuilder */,
				D7BE278B2939415500452F68 /* Settings */,
				D7BE278A2939413F00452F68 /* RatingModule */,
				D7BE27892939410F00452F68 /* GameModule */,
			);
			path = Main;
			sourceTree = "<group>";
		};
		D7BE27892939410F00452F68 /* GameModule */ = {
			isa = PBXGroup;
			children = (
				D7F0DF7D293E50A00067F098 /* Presenter */,
				D7F0DF7C293E509C0067F098 /* View */,
				D7F0DF7B293E50930067F098 /* Model */,
				D7F0DF7A293E50820067F098 /* Storyboard */,
			);
			path = GameModule;
			sourceTree = "<group>";
		};
		D7BE278A2939413F00452F68 /* RatingModule */ = {
			isa = PBXGroup;
			children = (
				D7F0DF83293E50CE0067F098 /* Presenter */,
				D7F0DF82293E50CB0067F098 /* View */,
				D7F0DF81293E50C60067F098 /* Model */,
				D7F0DF80293E50C00067F098 /* Storyboard */,
			);
			path = RatingModule;
			sourceTree = "<group>";
		};
		D7BE278B2939415500452F68 /* Settings */ = {
			isa = PBXGroup;
			children = (
				D7F0DF8A293E51070067F098 /* Presenter */,
				D7F0DF89293E51030067F098 /* View */,
				D7F0DF88293E50FC0067F098 /* Model */,
				D7F0DF87293E50F60067F098 /* Storyboard */,
			);
			path = Settings;
			sourceTree = "<group>";
		};
		D7BE278C293941B500452F68 /* Resources */ = {
			isa = PBXGroup;
			children = (
				D7D9EE71293A87D900CD0B49 /* GoogleService-Info.plist */,
				D7BE277729393E7400452F68 /* Assets.xcassets */,
				D7BE277929393E7400452F68 /* LaunchScreen.storyboard */,
				D7BE277C29393E7400452F68 /* Info.plist */,
			);
			path = Resources;
			sourceTree = "<group>";
		};
		D7BE278D293941E400452F68 /* Extension */ = {
			isa = PBXGroup;
			children = (
				D7BE278E2939420500452F68 /* UIWindow+Extension.swift */,
				D7BE27BA293A26D700452F68 /* UiView+Extension.swift */,
				D7BE27C1293A423F00452F68 /* UiViewController+Extension.swift */,
				D7F0DF52293BA5630067F098 /* UITextField+Extension.swift */,
				D7F0DF6B293CC9A40067F098 /* String+Extension.swift */,
			);
			path = Extension;
			sourceTree = "<group>";
		};
		D7BE27902939423700452F68 /* Helper */ = {
			isa = PBXGroup;
			children = (
				D7BE27BC293A375B00452F68 /* ScrollViewHelper */,
				D7BE27912939424D00452F68 /* Storyboard.swift */,
				D7BE2793293942B200452F68 /* BuilderProtocol.swift */,
				D7BE279F29394EAF00452F68 /* Loader.swift */,
			);
			path = Helper;
			sourceTree = "<group>";
		};
		D7BE2795293942D200452F68 /* Managers */ = {
			isa = PBXGroup;
			children = (
				D7F0DF6D293D0F200067F098 /* ValidationManager */,
				D7BE27D7293A735200452F68 /* Firebase */,
			);
			path = Managers;
			sourceTree = "<group>";
		};
		D7BE27982939468A00452F68 /* Auth */ = {
			isa = PBXGroup;
			children = (
				D7BE27A1293A05D600452F68 /* AuthBuilder */,
				D7BE27A4293A069200452F68 /* SignInScreen */,
				D7BE27A5293A06AE00452F68 /* SignUpScreen */,
			);
			path = Auth;
			sourceTree = "<group>";
		};
		D7BE27A1293A05D600452F68 /* AuthBuilder */ = {
			isa = PBXGroup;
			children = (
				D7BE27A2293A060500452F68 /* AuthModuleBuilderProtocol.swift */,
				D7BE27B4293A092D00452F68 /* AuthModuleBuilder.swift */,
			);
			path = AuthBuilder;
			sourceTree = "<group>";
		};
		D7BE27A4293A069200452F68 /* SignInScreen */ = {
			isa = PBXGroup;
			children = (
				D7BE27A7293A06C300452F68 /* Presenter */,
				D7BE27A6293A06BB00452F68 /* View */,
				D7BE27A8293A06D300452F68 /* Model */,
				D7BE27A9293A06D800452F68 /* Storyboard */,
			);
			path = SignInScreen;
			sourceTree = "<group>";
		};
		D7BE27A5293A06AE00452F68 /* SignUpScreen */ = {
			isa = PBXGroup;
			children = (
				D7F0DF5C293CB3D40067F098 /* Presenter */,
				D7F0DF5B293CB3CF0067F098 /* View */,
				D7F0DF5A293CB3C80067F098 /* Model */,
				D7F0DF59293CB3B30067F098 /* Storyboard */,
			);
			path = SignUpScreen;
			sourceTree = "<group>";
		};
		D7BE27A6293A06BB00452F68 /* View */ = {
			isa = PBXGroup;
			children = (
				D7BE27AE293A087100452F68 /* SignInViewProtocol.swift */,
				D7BE277229393E7400452F68 /* SignInViewController.swift */,
			);
			path = View;
			sourceTree = "<group>";
		};
		D7BE27A7293A06C300452F68 /* Presenter */ = {
			isa = PBXGroup;
			children = (
				D7BE27AA293A074A00452F68 /* SignInPresenterProtocol.swift */,
				D7BE27AC293A076600452F68 /* SignInPresenter.swift */,
			);
			path = Presenter;
			sourceTree = "<group>";
		};
		D7BE27A8293A06D300452F68 /* Model */ = {
			isa = PBXGroup;
			children = (
				D7BE27B0293A08AC00452F68 /* SignInModelProtocol.swift */,
				D7BE27B2293A08B600452F68 /* SignInModel.swift */,
			);
			path = Model;
			sourceTree = "<group>";
		};
		D7BE27A9293A06D800452F68 /* Storyboard */ = {
			isa = PBXGroup;
			children = (
				D7BE277429393E7400452F68 /* SignIn.storyboard */,
			);
			path = Storyboard;
			sourceTree = "<group>";
		};
		D7BE27BC293A375B00452F68 /* ScrollViewHelper */ = {
			isa = PBXGroup;
			children = (
				D7BE27BF293A379900452F68 /* ScrollViewHelperProtocol.swift */,
				D7BE27BD293A377200452F68 /* ScrollViewHelper.swift */,
			);
			path = ScrollViewHelper;
			sourceTree = "<group>";
		};
		D7BE27D2293A6C8600452F68 /* FirebaseAuthManager */ = {
			isa = PBXGroup;
			children = (
				D7BE27D5293A6D0D00452F68 /* FirebaseAuthManagerProtocol.swift */,
				D7BE27D3293A6CE400452F68 /* FirebaseAuthManager.swift */,
			);
			path = FirebaseAuthManager;
			sourceTree = "<group>";
		};
		D7BE27D7293A735200452F68 /* Firebase */ = {
			isa = PBXGroup;
			children = (
				D7D9EE75293B724E00CD0B49 /* FirebaseErrors.swift */,
				D7BE27D9293A737600452F68 /* DatabasePaths.swift */,
				D7F0DF96293E55400067F098 /* FirebaseMainManager */,
				D7BE27D2293A6C8600452F68 /* FirebaseAuthManager */,
			);
			path = Firebase;
			sourceTree = "<group>";
		};
		D7D9EE6A293A7D4100CD0B49 /* Frameworks */ = {
			isa = PBXGroup;
			children = (
			);
			name = Frameworks;
			sourceTree = "<group>";
		};
		D7F0DF59293CB3B30067F098 /* Storyboard */ = {
			isa = PBXGroup;
			children = (
				D7F0DF5D293CB3FF0067F098 /* SignUp.storyboard */,
			);
			path = Storyboard;
			sourceTree = "<group>";
		};
		D7F0DF5A293CB3C80067F098 /* Model */ = {
			isa = PBXGroup;
			children = (
				D7F0DF5F293CB45C0067F098 /* SignUpModelProtocol.swift */,
				D7F0DF61293CB4640067F098 /* SignUpModel.swift */,
			);
			path = Model;
			sourceTree = "<group>";
		};
		D7F0DF5B293CB3CF0067F098 /* View */ = {
			isa = PBXGroup;
			children = (
				D7F0DF63293CB4790067F098 /* SignUpViewProtocol.swift */,
				D7F0DF65293CB4890067F098 /* SignUpViewController.swift */,
			);
			path = View;
			sourceTree = "<group>";
		};
		D7F0DF5C293CB3D40067F098 /* Presenter */ = {
			isa = PBXGroup;
			children = (
				D7F0DF67293CB49A0067F098 /* SignUpPresenterProtocol.swift */,
				D7F0DF69293CB4A30067F098 /* SignUpPresenter.swift */,
			);
			path = Presenter;
			sourceTree = "<group>";
		};
		D7F0DF6D293D0F200067F098 /* ValidationManager */ = {
			isa = PBXGroup;
			children = (
				D7F0DF6E293D0F320067F098 /* ValidationManager.swift */,
			);
			path = ValidationManager;
			sourceTree = "<group>";
		};
		D7F0DF72293E4E3E0067F098 /* MainBuilder */ = {
			isa = PBXGroup;
			children = (
				D7F0DF73293E4E540067F098 /* MainBuilderProtocol.swift */,
				D7F0DF75293E4F710067F098 /* MainBuilder.swift */,
			);
			path = MainBuilder;
			sourceTree = "<group>";
		};
		D7F0DF7A293E50820067F098 /* Storyboard */ = {
			isa = PBXGroup;
			children = (
				D7F0DF7E293E50B10067F098 /* Game.storyboard */,
			);
			path = Storyboard;
			sourceTree = "<group>";
		};
		D7F0DF7B293E50930067F098 /* Model */ = {
			isa = PBXGroup;
			children = (
				D7F0DF92293E54B80067F098 /* GameModelProtocol.swift */,
				D7F0DF94293E54CA0067F098 /* GameModel.swift */,
			);
			path = Model;
			sourceTree = "<group>";
		};
		D7F0DF7C293E509C0067F098 /* View */ = {
			isa = PBXGroup;
			children = (
				D7F0DF90293E54800067F098 /* GameViewProtocol.swift */,
				D7F0DF8E293E54720067F098 /* GameViewController.swift */,
			);
			path = View;
			sourceTree = "<group>";
		};
		D7F0DF7D293E50A00067F098 /* Presenter */ = {
			isa = PBXGroup;
			children = (
				D7F0DF9B293E56190067F098 /* GamePresenterProtocol.swift */,
				D7F0DF9D293E56390067F098 /* GamePresenter.swift */,
			);
			path = Presenter;
			sourceTree = "<group>";
		};
		D7F0DF80293E50C00067F098 /* Storyboard */ = {
			isa = PBXGroup;
			children = (
				D7F0DF85293E50EC0067F098 /* Rating.storyboard */,
			);
			path = Storyboard;
			sourceTree = "<group>";
		};
		D7F0DF81293E50C60067F098 /* Model */ = {
			isa = PBXGroup;
			children = (
				D7F0DF9F293E59000067F098 /* RatingModelProtocol.swift */,
				D7F0DFA1293E59140067F098 /* RatingModel.swift */,
			);
			path = Model;
			sourceTree = "<group>";
		};
		D7F0DF82293E50CB0067F098 /* View */ = {
			isa = PBXGroup;
			children = (
				D7F0DFA5293E59820067F098 /* RatingViewProtocol.swift */,
				D7F0DFA3293E59770067F098 /* RatingViewController.swift */,
			);
			path = View;
			sourceTree = "<group>";
		};
		D7F0DF83293E50CE0067F098 /* Presenter */ = {
			isa = PBXGroup;
			children = (
				D7F0DFA7293E59C60067F098 /* RatingPresenterProtocol.swift */,
				D7F0DFA9293E59CF0067F098 /* RatingPresenter.swift */,
			);
			path = Presenter;
			sourceTree = "<group>";
		};
		D7F0DF87293E50F60067F098 /* Storyboard */ = {
			isa = PBXGroup;
			children = (
				D7F0DF8C293E511C0067F098 /* Settings.storyboard */,
			);
			path = Storyboard;
			sourceTree = "<group>";
		};
		D7F0DF88293E50FC0067F098 /* Model */ = {
			isa = PBXGroup;
			children = (
				D7F0DFAB293E5B410067F098 /* SettingModelProtocol.swift */,
				D7F0DFAD293E5B4A0067F098 /* SettingModel.swift */,
			);
			path = Model;
			sourceTree = "<group>";
		};
		D7F0DF89293E51030067F098 /* View */ = {
			isa = PBXGroup;
			children = (
				D7F0DFB1293E5C0E0067F098 /* SettingViewProtocol.swift */,
				D7F0DFAF293E5BFA0067F098 /* SettingViewController.swift */,
			);
			path = View;
			sourceTree = "<group>";
		};
		D7F0DF8A293E51070067F098 /* Presenter */ = {
			isa = PBXGroup;
			children = (
				D7F0DFB3293E5C5D0067F098 /* SettingPresenterProtocol.swift */,
				D7F0DFB5293E5C730067F098 /* SettingsPresenter.swift */,
			);
			path = Presenter;
			sourceTree = "<group>";
		};
		D7F0DF96293E55400067F098 /* FirebaseMainManager */ = {
			isa = PBXGroup;
			children = (
				D7F0DF97293E55610067F098 /* FirebaseMainManagerProtocol.swift */,
				D7F0DF99293E55C50067F098 /* FirebaseMainManager.swift */,
			);
			path = FirebaseMainManager;
			sourceTree = "<group>";
		};
/* End PBXGroup section */

/* Begin PBXNativeTarget section */
		D7BE276A29393E7400452F68 /* Roulette game */ = {
			isa = PBXNativeTarget;
			buildConfigurationList = D7BE277F29393E7400452F68 /* Build configuration list for PBXNativeTarget "Roulette game" */;
			buildPhases = (
				D7BE276729393E7400452F68 /* Sources */,
				D7BE276829393E7400452F68 /* Frameworks */,
				D7BE276929393E7400452F68 /* Resources */,
			);
			buildRules = (
			);
			dependencies = (
			);
			name = "Roulette game";
			packageProductDependencies = (
				D7BE279D29394DB000452F68 /* NVActivityIndicatorView */,
				D7BE27C6293A69A500452F68 /* FirebaseAuth */,
				D7BE27C8293A69A500452F68 /* FirebaseDatabase */,
				D7BE27CC293A69A500452F68 /* FirebaseFirestore */,
				D7BE27D0293A69A500452F68 /* FirebaseStorage */,
				D7D9EE6B293A7D4100CD0B49 /* FirebaseDatabaseSwift */,
				D7D9EE6D293A7D5600CD0B49 /* FirebaseFirestoreSwift */,
				D7F0DF55293BB1AA0067F098 /* GoogleSignIn */,
			);
			productName = "Roulette game";
			productReference = D7BE276B29393E7400452F68 /* Roulette game.app */;
			productType = "com.apple.product-type.application";
		};
/* End PBXNativeTarget section */

/* Begin PBXProject section */
		D7BE276329393E7400452F68 /* Project object */ = {
			isa = PBXProject;
			attributes = {
				BuildIndependentTargetsInParallel = 1;
				LastSwiftUpdateCheck = 1410;
				LastUpgradeCheck = 1410;
				TargetAttributes = {
					D7BE276A29393E7400452F68 = {
						CreatedOnToolsVersion = 14.1;
					};
				};
			};
			buildConfigurationList = D7BE276629393E7400452F68 /* Build configuration list for PBXProject "Roulette game" */;
			compatibilityVersion = "Xcode 14.0";
			developmentRegion = en;
			hasScannedForEncodings = 0;
			knownRegions = (
				en,
				Base,
			);
			mainGroup = D7BE276229393E7400452F68;
			packageReferences = (
				D7BE279C29394DB000452F68 /* XCRemoteSwiftPackageReference "NVActivityIndicatorView" */,
				D7BE27C5293A69A500452F68 /* XCRemoteSwiftPackageReference "firebase-ios-sdk" */,
				D7F0DF54293BB1AA0067F098 /* XCRemoteSwiftPackageReference "GoogleSignIn-iOS" */,
			);
			productRefGroup = D7BE276C29393E7400452F68 /* Products */;
			projectDirPath = "";
			projectRoot = "";
			targets = (
				D7BE276A29393E7400452F68 /* Roulette game */,
			);
		};
/* End PBXProject section */

/* Begin PBXResourcesBuildPhase section */
		D7BE276929393E7400452F68 /* Resources */ = {
			isa = PBXResourcesBuildPhase;
			buildActionMask = 2147483647;
			files = (
				D7BE277B29393E7400452F68 /* LaunchScreen.storyboard in Resources */,
				D7D9EE72293A87D900CD0B49 /* GoogleService-Info.plist in Resources */,
				D7F0DF7F293E50B10067F098 /* Game.storyboard in Resources */,
				D7BE277829393E7400452F68 /* Assets.xcassets in Resources */,
				D7F0DF79293E501C0067F098 /* Main.storyboard in Resources */,
				D7F0DF86293E50EC0067F098 /* Rating.storyboard in Resources */,
				D7F0DF8D293E511C0067F098 /* Settings.storyboard in Resources */,
				D7BE277629393E7400452F68 /* SignIn.storyboard in Resources */,
				D7F0DF5E293CB3FF0067F098 /* SignUp.storyboard in Resources */,
			);
			runOnlyForDeploymentPostprocessing = 0;
		};
/* End PBXResourcesBuildPhase section */

/* Begin PBXSourcesBuildPhase section */
		D7BE276729393E7400452F68 /* Sources */ = {
			isa = PBXSourcesBuildPhase;
			buildActionMask = 2147483647;
			files = (
				D7F0DF53293BA5630067F098 /* UITextField+Extension.swift in Sources */,
				D7F0DF60293CB45C0067F098 /* SignUpModelProtocol.swift in Sources */,
				D7BE27AD293A076600452F68 /* SignInPresenter.swift in Sources */,
				D7BE278429393F6500452F68 /* AppCoordinator.swift in Sources */,
				D7F0DF8F293E54720067F098 /* GameViewController.swift in Sources */,
				D7F0DF95293E54CA0067F098 /* GameModel.swift in Sources */,
				D7F0DF9E293E56390067F098 /* GamePresenter.swift in Sources */,
				D7BE2794293942B200452F68 /* BuilderProtocol.swift in Sources */,
				D7F0DFAE293E5B4A0067F098 /* SettingModel.swift in Sources */,
				D7BE27B1293A08AC00452F68 /* SignInModelProtocol.swift in Sources */,
				D7F0DF76293E4F710067F098 /* MainBuilder.swift in Sources */,
				D7BE27BB293A26D700452F68 /* UiView+Extension.swift in Sources */,
				D7F0DFAC293E5B410067F098 /* SettingModelProtocol.swift in Sources */,
				D7F0DFB6293E5C730067F098 /* SettingsPresenter.swift in Sources */,
				D7BE27B7293A0D7E00452F68 /* AuthCoordinator.swift in Sources */,
				D7F0DFB4293E5C5D0067F098 /* SettingPresenterProtocol.swift in Sources */,
				D7F0DF6C293CC9A40067F098 /* String+Extension.swift in Sources */,
				D7BE277329393E7400452F68 /* SignInViewController.swift in Sources */,
				D7F0DF6A293CB4A30067F098 /* SignUpPresenter.swift in Sources */,
				D7BE27B5293A092D00452F68 /* AuthModuleBuilder.swift in Sources */,
				D7BE27A3293A060500452F68 /* AuthModuleBuilderProtocol.swift in Sources */,
				D7BE27D6293A6D0D00452F68 /* FirebaseAuthManagerProtocol.swift in Sources */,
				D7F0DFA2293E59140067F098 /* RatingModel.swift in Sources */,
				D7F0DF91293E54800067F098 /* GameViewProtocol.swift in Sources */,
				D7D9EE70293A809800CD0B49 /* Services.swift in Sources */,
				D7F0DFA6293E59820067F098 /* RatingViewProtocol.swift in Sources */,
				D7F0DF93293E54B80067F098 /* GameModelProtocol.swift in Sources */,
				D7BE278629393F7300452F68 /* CoordinatorProtocol.swift in Sources */,
				D7BE27DA293A737600452F68 /* DatabasePaths.swift in Sources */,
				D7F0DFA0293E59000067F098 /* RatingModelProtocol.swift in Sources */,
				D7F0DF98293E55610067F098 /* FirebaseMainManagerProtocol.swift in Sources */,
				D7F0DF74293E4E540067F098 /* MainBuilderProtocol.swift in Sources */,
				D7D9EE76293B724E00CD0B49 /* FirebaseErrors.swift in Sources */,
				D7F0DF66293CB4890067F098 /* SignUpViewController.swift in Sources */,
				D7BE27AF293A087100452F68 /* SignInViewProtocol.swift in Sources */,
				D7F0DF6F293D0F320067F098 /* ValidationManager.swift in Sources */,
				D7F0DFA8293E59C60067F098 /* RatingPresenterProtocol.swift in Sources */,
				D7BE27922939424D00452F68 /* Storyboard.swift in Sources */,
				D7F0DF9C293E56190067F098 /* GamePresenterProtocol.swift in Sources */,
				D7BE276F29393E7400452F68 /* AppDelegate.swift in Sources */,
				D7F0DFA4293E59770067F098 /* RatingViewController.swift in Sources */,
				D7F0DFB2293E5C0E0067F098 /* SettingViewProtocol.swift in Sources */,
				D7BE27C0293A379900452F68 /* ScrollViewHelperProtocol.swift in Sources */,
				D7BE27C2293A423F00452F68 /* UiViewController+Extension.swift in Sources */,
				D7F0DF71293E4DF50067F098 /* MainCoordinator.swift in Sources */,
				D7F0DF9A293E55C50067F098 /* FirebaseMainManager.swift in Sources */,
				D7F0DF62293CB4640067F098 /* SignUpModel.swift in Sources */,
				D7F0DF64293CB4790067F098 /* SignUpViewProtocol.swift in Sources */,
				D7F0DFB0293E5BFA0067F098 /* SettingViewController.swift in Sources */,
				D7F0DF68293CB49A0067F098 /* SignUpPresenterProtocol.swift in Sources */,
				D7BE27AB293A074A00452F68 /* SignInPresenterProtocol.swift in Sources */,
				D7F0DFAA293E59CF0067F098 /* RatingPresenter.swift in Sources */,
				D7BE277129393E7400452F68 /* SceneDelegate.swift in Sources */,
				D7BE278F2939420500452F68 /* UIWindow+Extension.swift in Sources */,
				D7BE27D4293A6CE400452F68 /* FirebaseAuthManager.swift in Sources */,
				D7BE27A029394EAF00452F68 /* Loader.swift in Sources */,
				D7BE27BE293A377200452F68 /* ScrollViewHelper.swift in Sources */,
				D7BE27B3293A08B600452F68 /* SignInModel.swift in Sources */,
				D7437354293F805100315D91 /* UserDataModel.swift in Sources */,
			);
			runOnlyForDeploymentPostprocessing = 0;
		};
/* End PBXSourcesBuildPhase section */

/* Begin PBXVariantGroup section */
		D7BE277429393E7400452F68 /* SignIn.storyboard */ = {
			isa = PBXVariantGroup;
			children = (
				D7BE277529393E7400452F68 /* Base */,
			);
			name = SignIn.storyboard;
			sourceTree = "<group>";
		};
		D7BE277929393E7400452F68 /* LaunchScreen.storyboard */ = {
			isa = PBXVariantGroup;
			children = (
				D7BE277A29393E7400452F68 /* Base */,
			);
			name = LaunchScreen.storyboard;
			sourceTree = "<group>";
		};
/* End PBXVariantGroup section */

/* Begin XCBuildConfiguration section */
		D7BE277D29393E7400452F68 /* Debug */ = {
			isa = XCBuildConfiguration;
			buildSettings = {
				ALWAYS_SEARCH_USER_PATHS = NO;
				CLANG_ANALYZER_NONNULL = YES;
				CLANG_ANALYZER_NUMBER_OBJECT_CONVERSION = YES_AGGRESSIVE;
				CLANG_CXX_LANGUAGE_STANDARD = "gnu++20";
				CLANG_ENABLE_MODULES = YES;
				CLANG_ENABLE_OBJC_ARC = YES;
				CLANG_ENABLE_OBJC_WEAK = YES;
				CLANG_WARN_BLOCK_CAPTURE_AUTORELEASING = YES;
				CLANG_WARN_BOOL_CONVERSION = YES;
				CLANG_WARN_COMMA = YES;
				CLANG_WARN_CONSTANT_CONVERSION = YES;
				CLANG_WARN_DEPRECATED_OBJC_IMPLEMENTATIONS = YES;
				CLANG_WARN_DIRECT_OBJC_ISA_USAGE = YES_ERROR;
				CLANG_WARN_DOCUMENTATION_COMMENTS = YES;
				CLANG_WARN_EMPTY_BODY = YES;
				CLANG_WARN_ENUM_CONVERSION = YES;
				CLANG_WARN_INFINITE_RECURSION = YES;
				CLANG_WARN_INT_CONVERSION = YES;
				CLANG_WARN_NON_LITERAL_NULL_CONVERSION = YES;
				CLANG_WARN_OBJC_IMPLICIT_RETAIN_SELF = YES;
				CLANG_WARN_OBJC_LITERAL_CONVERSION = YES;
				CLANG_WARN_OBJC_ROOT_CLASS = YES_ERROR;
				CLANG_WARN_QUOTED_INCLUDE_IN_FRAMEWORK_HEADER = YES;
				CLANG_WARN_RANGE_LOOP_ANALYSIS = YES;
				CLANG_WARN_STRICT_PROTOTYPES = YES;
				CLANG_WARN_SUSPICIOUS_MOVE = YES;
				CLANG_WARN_UNGUARDED_AVAILABILITY = YES_AGGRESSIVE;
				CLANG_WARN_UNREACHABLE_CODE = YES;
				CLANG_WARN__DUPLICATE_METHOD_MATCH = YES;
				COPY_PHASE_STRIP = NO;
				DEBUG_INFORMATION_FORMAT = dwarf;
				ENABLE_STRICT_OBJC_MSGSEND = YES;
				ENABLE_TESTABILITY = YES;
				GCC_C_LANGUAGE_STANDARD = gnu11;
				GCC_DYNAMIC_NO_PIC = NO;
				GCC_NO_COMMON_BLOCKS = YES;
				GCC_OPTIMIZATION_LEVEL = 0;
				GCC_PREPROCESSOR_DEFINITIONS = (
					"DEBUG=1",
					"$(inherited)",
				);
				GCC_WARN_64_TO_32_BIT_CONVERSION = YES;
				GCC_WARN_ABOUT_RETURN_TYPE = YES_ERROR;
				GCC_WARN_UNDECLARED_SELECTOR = YES;
				GCC_WARN_UNINITIALIZED_AUTOS = YES_AGGRESSIVE;
				GCC_WARN_UNUSED_FUNCTION = YES;
				GCC_WARN_UNUSED_VARIABLE = YES;
				IPHONEOS_DEPLOYMENT_TARGET = 16.1;
				MTL_ENABLE_DEBUG_INFO = INCLUDE_SOURCE;
				MTL_FAST_MATH = YES;
				ONLY_ACTIVE_ARCH = YES;
				SDKROOT = iphoneos;
				SWIFT_ACTIVE_COMPILATION_CONDITIONS = DEBUG;
				SWIFT_OPTIMIZATION_LEVEL = "-Onone";
			};
			name = Debug;
		};
		D7BE277E29393E7400452F68 /* Release */ = {
			isa = XCBuildConfiguration;
			buildSettings = {
				ALWAYS_SEARCH_USER_PATHS = NO;
				CLANG_ANALYZER_NONNULL = YES;
				CLANG_ANALYZER_NUMBER_OBJECT_CONVERSION = YES_AGGRESSIVE;
				CLANG_CXX_LANGUAGE_STANDARD = "gnu++20";
				CLANG_ENABLE_MODULES = YES;
				CLANG_ENABLE_OBJC_ARC = YES;
				CLANG_ENABLE_OBJC_WEAK = YES;
				CLANG_WARN_BLOCK_CAPTURE_AUTORELEASING = YES;
				CLANG_WARN_BOOL_CONVERSION = YES;
				CLANG_WARN_COMMA = YES;
				CLANG_WARN_CONSTANT_CONVERSION = YES;
				CLANG_WARN_DEPRECATED_OBJC_IMPLEMENTATIONS = YES;
				CLANG_WARN_DIRECT_OBJC_ISA_USAGE = YES_ERROR;
				CLANG_WARN_DOCUMENTATION_COMMENTS = YES;
				CLANG_WARN_EMPTY_BODY = YES;
				CLANG_WARN_ENUM_CONVERSION = YES;
				CLANG_WARN_INFINITE_RECURSION = YES;
				CLANG_WARN_INT_CONVERSION = YES;
				CLANG_WARN_NON_LITERAL_NULL_CONVERSION = YES;
				CLANG_WARN_OBJC_IMPLICIT_RETAIN_SELF = YES;
				CLANG_WARN_OBJC_LITERAL_CONVERSION = YES;
				CLANG_WARN_OBJC_ROOT_CLASS = YES_ERROR;
				CLANG_WARN_QUOTED_INCLUDE_IN_FRAMEWORK_HEADER = YES;
				CLANG_WARN_RANGE_LOOP_ANALYSIS = YES;
				CLANG_WARN_STRICT_PROTOTYPES = YES;
				CLANG_WARN_SUSPICIOUS_MOVE = YES;
				CLANG_WARN_UNGUARDED_AVAILABILITY = YES_AGGRESSIVE;
				CLANG_WARN_UNREACHABLE_CODE = YES;
				CLANG_WARN__DUPLICATE_METHOD_MATCH = YES;
				COPY_PHASE_STRIP = NO;
				DEBUG_INFORMATION_FORMAT = "dwarf-with-dsym";
				ENABLE_NS_ASSERTIONS = NO;
				ENABLE_STRICT_OBJC_MSGSEND = YES;
				GCC_C_LANGUAGE_STANDARD = gnu11;
				GCC_NO_COMMON_BLOCKS = YES;
				GCC_WARN_64_TO_32_BIT_CONVERSION = YES;
				GCC_WARN_ABOUT_RETURN_TYPE = YES_ERROR;
				GCC_WARN_UNDECLARED_SELECTOR = YES;
				GCC_WARN_UNINITIALIZED_AUTOS = YES_AGGRESSIVE;
				GCC_WARN_UNUSED_FUNCTION = YES;
				GCC_WARN_UNUSED_VARIABLE = YES;
				IPHONEOS_DEPLOYMENT_TARGET = 16.1;
				MTL_ENABLE_DEBUG_INFO = NO;
				MTL_FAST_MATH = YES;
				SDKROOT = iphoneos;
				SWIFT_COMPILATION_MODE = wholemodule;
				SWIFT_OPTIMIZATION_LEVEL = "-O";
				VALIDATE_PRODUCT = YES;
			};
			name = Release;
		};
		D7BE278029393E7400452F68 /* Debug */ = {
			isa = XCBuildConfiguration;
			buildSettings = {
				ASSETCATALOG_COMPILER_APPICON_NAME = AppIcon;
				ASSETCATALOG_COMPILER_GLOBAL_ACCENT_COLOR_NAME = AccentColor;
				CODE_SIGN_STYLE = Automatic;
				CURRENT_PROJECT_VERSION = 1;
				GENERATE_INFOPLIST_FILE = YES;
				INFOPLIST_FILE = "Roulette game/Resources/Info.plist";
				INFOPLIST_KEY_UIApplicationSupportsIndirectInputEvents = YES;
				INFOPLIST_KEY_UILaunchStoryboardName = LaunchScreen;
				INFOPLIST_KEY_UISupportedInterfaceOrientations_iPad = "UIInterfaceOrientationPortrait UIInterfaceOrientationPortraitUpsideDown UIInterfaceOrientationLandscapeLeft UIInterfaceOrientationLandscapeRight";
				INFOPLIST_KEY_UISupportedInterfaceOrientations_iPhone = "UIInterfaceOrientationPortrait UIInterfaceOrientationLandscapeLeft UIInterfaceOrientationLandscapeRight";
				LD_RUNPATH_SEARCH_PATHS = (
					"$(inherited)",
					"@executable_path/Frameworks",
				);
				MARKETING_VERSION = 1.0;
				PRODUCT_BUNDLE_IDENTIFIER = "com.roulette-game.Roulette-game";
				PRODUCT_NAME = "$(TARGET_NAME)";
				SWIFT_EMIT_LOC_STRINGS = YES;
				SWIFT_VERSION = 5.0;
				TARGETED_DEVICE_FAMILY = "1,2";
			};
			name = Debug;
		};
		D7BE278129393E7400452F68 /* Release */ = {
			isa = XCBuildConfiguration;
			buildSettings = {
				ASSETCATALOG_COMPILER_APPICON_NAME = AppIcon;
				ASSETCATALOG_COMPILER_GLOBAL_ACCENT_COLOR_NAME = AccentColor;
				CODE_SIGN_STYLE = Automatic;
				CURRENT_PROJECT_VERSION = 1;
				GENERATE_INFOPLIST_FILE = YES;
				INFOPLIST_FILE = "Roulette game/Resources/Info.plist";
				INFOPLIST_KEY_UIApplicationSupportsIndirectInputEvents = YES;
				INFOPLIST_KEY_UILaunchStoryboardName = LaunchScreen;
				INFOPLIST_KEY_UISupportedInterfaceOrientations_iPad = "UIInterfaceOrientationPortrait UIInterfaceOrientationPortraitUpsideDown UIInterfaceOrientationLandscapeLeft UIInterfaceOrientationLandscapeRight";
				INFOPLIST_KEY_UISupportedInterfaceOrientations_iPhone = "UIInterfaceOrientationPortrait UIInterfaceOrientationLandscapeLeft UIInterfaceOrientationLandscapeRight";
				LD_RUNPATH_SEARCH_PATHS = (
					"$(inherited)",
					"@executable_path/Frameworks",
				);
				MARKETING_VERSION = 1.0;
				PRODUCT_BUNDLE_IDENTIFIER = "com.roulette-game.Roulette-game";
				PRODUCT_NAME = "$(TARGET_NAME)";
				SWIFT_EMIT_LOC_STRINGS = YES;
				SWIFT_VERSION = 5.0;
				TARGETED_DEVICE_FAMILY = "1,2";
			};
			name = Release;
		};
/* End XCBuildConfiguration section */

/* Begin XCConfigurationList section */
		D7BE276629393E7400452F68 /* Build configuration list for PBXProject "Roulette game" */ = {
			isa = XCConfigurationList;
			buildConfigurations = (
				D7BE277D29393E7400452F68 /* Debug */,
				D7BE277E29393E7400452F68 /* Release */,
			);
			defaultConfigurationIsVisible = 0;
			defaultConfigurationName = Release;
		};
		D7BE277F29393E7400452F68 /* Build configuration list for PBXNativeTarget "Roulette game" */ = {
			isa = XCConfigurationList;
			buildConfigurations = (
				D7BE278029393E7400452F68 /* Debug */,
				D7BE278129393E7400452F68 /* Release */,
			);
			defaultConfigurationIsVisible = 0;
			defaultConfigurationName = Release;
		};
/* End XCConfigurationList section */

/* Begin XCRemoteSwiftPackageReference section */
		D7BE279C29394DB000452F68 /* XCRemoteSwiftPackageReference "NVActivityIndicatorView" */ = {
			isa = XCRemoteSwiftPackageReference;
			repositoryURL = "https://github.com/ninjaprox/NVActivityIndicatorView.git";
			requirement = {
				kind = upToNextMajorVersion;
				minimumVersion = 5.0.0;
			};
		};
		D7BE27C5293A69A500452F68 /* XCRemoteSwiftPackageReference "firebase-ios-sdk" */ = {
			isa = XCRemoteSwiftPackageReference;
			repositoryURL = "https://github.com/firebase/firebase-ios-sdk.git";
			requirement = {
				kind = upToNextMajorVersion;
				minimumVersion = 10.1.0;
			};
		};
		D7F0DF54293BB1AA0067F098 /* XCRemoteSwiftPackageReference "GoogleSignIn-iOS" */ = {
			isa = XCRemoteSwiftPackageReference;
			repositoryURL = "https://github.com/google/GoogleSignIn-iOS";
			requirement = {
				kind = upToNextMajorVersion;
				minimumVersion = 6.2.0;
			};
		};
/* End XCRemoteSwiftPackageReference section */

/* Begin XCSwiftPackageProductDependency section */
		D7BE279D29394DB000452F68 /* NVActivityIndicatorView */ = {
			isa = XCSwiftPackageProductDependency;
			package = D7BE279C29394DB000452F68 /* XCRemoteSwiftPackageReference "NVActivityIndicatorView" */;
			productName = NVActivityIndicatorView;
		};
		D7BE27C6293A69A500452F68 /* FirebaseAuth */ = {
			isa = XCSwiftPackageProductDependency;
			package = D7BE27C5293A69A500452F68 /* XCRemoteSwiftPackageReference "firebase-ios-sdk" */;
			productName = FirebaseAuth;
		};
		D7BE27C8293A69A500452F68 /* FirebaseDatabase */ = {
			isa = XCSwiftPackageProductDependency;
			package = D7BE27C5293A69A500452F68 /* XCRemoteSwiftPackageReference "firebase-ios-sdk" */;
			productName = FirebaseDatabase;
		};
		D7BE27CC293A69A500452F68 /* FirebaseFirestore */ = {
			isa = XCSwiftPackageProductDependency;
			package = D7BE27C5293A69A500452F68 /* XCRemoteSwiftPackageReference "firebase-ios-sdk" */;
			productName = FirebaseFirestore;
		};
		D7BE27D0293A69A500452F68 /* FirebaseStorage */ = {
			isa = XCSwiftPackageProductDependency;
			package = D7BE27C5293A69A500452F68 /* XCRemoteSwiftPackageReference "firebase-ios-sdk" */;
			productName = FirebaseStorage;
		};
		D7D9EE6B293A7D4100CD0B49 /* FirebaseDatabaseSwift */ = {
			isa = XCSwiftPackageProductDependency;
			package = D7BE27C5293A69A500452F68 /* XCRemoteSwiftPackageReference "firebase-ios-sdk" */;
			productName = FirebaseDatabaseSwift;
		};
		D7D9EE6D293A7D5600CD0B49 /* FirebaseFirestoreSwift */ = {
			isa = XCSwiftPackageProductDependency;
			package = D7BE27C5293A69A500452F68 /* XCRemoteSwiftPackageReference "firebase-ios-sdk" */;
			productName = FirebaseFirestoreSwift;
		};
		D7F0DF55293BB1AA0067F098 /* GoogleSignIn */ = {
			isa = XCSwiftPackageProductDependency;
			package = D7F0DF54293BB1AA0067F098 /* XCRemoteSwiftPackageReference "GoogleSignIn-iOS" */;
			productName = GoogleSignIn;
		};
/* End XCSwiftPackageProductDependency section */
	};
	rootObject = D7BE276329393E7400452F68 /* Project object */;
}
